// !$*UTF8*$!
{
	archiveVersion = 1;
	classes = {
	};
	objectVersion = 51;
	objects = {

/* Begin PBXBuildFile section */
		282F5DB124780BC4004ACE52 /* OrdersPresenter.swift in Sources */ = {isa = PBXBuildFile; fileRef = 282F5DB024780BC4004ACE52 /* OrdersPresenter.swift */; };
		282F5DB324780C92004ACE52 /* OrdersViewController.swift in Sources */ = {isa = PBXBuildFile; fileRef = 282F5DB224780C92004ACE52 /* OrdersViewController.swift */; };
		282F5DB824782DF4004ACE52 /* OrdersTableViewCell.swift in Sources */ = {isa = PBXBuildFile; fileRef = 282F5DB624782DF4004ACE52 /* OrdersTableViewCell.swift */; };
		282F5DB924782DF4004ACE52 /* OrdersTableViewCell.xib in Resources */ = {isa = PBXBuildFile; fileRef = 282F5DB724782DF4004ACE52 /* OrdersTableViewCell.xib */; };
		285658E1246AFE2A00053F56 /* DataManager.swift in Sources */ = {isa = PBXBuildFile; fileRef = 285658E0246AFE2A00053F56 /* DataManager.swift */; };
		285658E4246D776600053F56 /* SplashScreenViewController.swift in Sources */ = {isa = PBXBuildFile; fileRef = 285658E2246D776600053F56 /* SplashScreenViewController.swift */; };
		285658E5246D776600053F56 /* SplashScreenViewController.xib in Resources */ = {isa = PBXBuildFile; fileRef = 285658E3246D776600053F56 /* SplashScreenViewController.xib */; };
		285658E7246D77CE00053F56 /* SplashScreenPresenter.swift in Sources */ = {isa = PBXBuildFile; fileRef = 285658E6246D77CE00053F56 /* SplashScreenPresenter.swift */; };
		286566E52466BD98000071B7 /* CustomColors.swift in Sources */ = {isa = PBXBuildFile; fileRef = 286566E42466BD98000071B7 /* CustomColors.swift */; };
		286566E72467201B000071B7 /* BasketItem.swift in Sources */ = {isa = PBXBuildFile; fileRef = 286566E62467201B000071B7 /* BasketItem.swift */; };
		286566EB24672212000071B7 /* BasketPresenter.swift in Sources */ = {isa = PBXBuildFile; fileRef = 286566EA24672212000071B7 /* BasketPresenter.swift */; };
		286566EE24683248000071B7 /* BasketViewController.swift in Sources */ = {isa = PBXBuildFile; fileRef = 286566ED24683248000071B7 /* BasketViewController.swift */; };
		286566F224683801000071B7 /* BasketTableViewCell.xib in Resources */ = {isa = PBXBuildFile; fileRef = 286566F024683801000071B7 /* BasketTableViewCell.xib */; };
		286566F524683CED000071B7 /* BasketTableViewCell.swift in Sources */ = {isa = PBXBuildFile; fileRef = 286566F424683CED000071B7 /* BasketTableViewCell.swift */; };
		28B1B92A243F9732002732A5 /* Constraints.swift in Sources */ = {isa = PBXBuildFile; fileRef = 28B1B929243F9732002732A5 /* Constraints.swift */; };
		28B1B92D243F9757002732A5 /* AboutUsPresenter.swift in Sources */ = {isa = PBXBuildFile; fileRef = 28B1B92C243F9757002732A5 /* AboutUsPresenter.swift */; };
		28B1B92F243F9767002732A5 /* AboutUsViewController.swift in Sources */ = {isa = PBXBuildFile; fileRef = 28B1B92E243F9767002732A5 /* AboutUsViewController.swift */; };
		28B1B934243F97B6002732A5 /* PersonalData.swift in Sources */ = {isa = PBXBuildFile; fileRef = 28B1B933243F97B6002732A5 /* PersonalData.swift */; };
		28B1B936243F97C3002732A5 /* PersonalPresenter.swift in Sources */ = {isa = PBXBuildFile; fileRef = 28B1B935243F97C3002732A5 /* PersonalPresenter.swift */; };
		28B1B938243F97D0002732A5 /* PersonalViewController.swift in Sources */ = {isa = PBXBuildFile; fileRef = 28B1B937243F97D0002732A5 /* PersonalViewController.swift */; };
		28B1B93E243F9877002732A5 /* TabBarPresenter.swift in Sources */ = {isa = PBXBuildFile; fileRef = 28B1B93D243F9877002732A5 /* TabBarPresenter.swift */; };
		28B1B940243F9881002732A5 /* TabBarController.swift in Sources */ = {isa = PBXBuildFile; fileRef = 28B1B93F243F9881002732A5 /* TabBarController.swift */; };
		6CCC52CA24507E3200D769A3 /* MainSearchTableViewCell.swift in Sources */ = {isa = PBXBuildFile; fileRef = 6CCC52C824507E3200D769A3 /* MainSearchTableViewCell.swift */; };
		6CCC52CB24507E3200D769A3 /* MainSearchTableViewCell.xib in Resources */ = {isa = PBXBuildFile; fileRef = 6CCC52C924507E3200D769A3 /* MainSearchTableViewCell.xib */; };
		6CCC52CE2450B62100D769A3 /* NetWorkService.swift in Sources */ = {isa = PBXBuildFile; fileRef = 6CCC52CD2450B62100D769A3 /* NetWorkService.swift */; };
		6CD29CF5244F244E00770217 /* MainSearchViewController.swift in Sources */ = {isa = PBXBuildFile; fileRef = 6CD29CF3244F244E00770217 /* MainSearchViewController.swift */; };
		6CD29CF6244F244E00770217 /* MainSearchViewController.xib in Resources */ = {isa = PBXBuildFile; fileRef = 6CD29CF4244F244E00770217 /* MainSearchViewController.xib */; };
		6CD29CF8244F25B300770217 /* Category.swift in Sources */ = {isa = PBXBuildFile; fileRef = 6CD29CF7244F25B300770217 /* Category.swift */; };
		6CD29CFE244F2C1800770217 /* MainSearchPresenter.swift in Sources */ = {isa = PBXBuildFile; fileRef = 6CD29CFD244F2C1800770217 /* MainSearchPresenter.swift */; };
		7D09ECA1243A18E6004EA0EB /* Router.swift in Sources */ = {isa = PBXBuildFile; fileRef = 7D09ECA0243A18E6004EA0EB /* Router.swift */; };
		7D09ECA7243A364B004EA0EB /* LoginPresenter.swift in Sources */ = {isa = PBXBuildFile; fileRef = 7D09ECA6243A364B004EA0EB /* LoginPresenter.swift */; };
		7D09ECAA243A40BE004EA0EB /* IntroViewController.swift in Sources */ = {isa = PBXBuildFile; fileRef = 7D09ECA8243A40BE004EA0EB /* IntroViewController.swift */; };
		7D09ECAB243A40BE004EA0EB /* IntroViewController.xib in Resources */ = {isa = PBXBuildFile; fileRef = 7D09ECA9243A40BE004EA0EB /* IntroViewController.xib */; };
		7D09ECB3243A4D4D004EA0EB /* SignUpPresenter.swift in Sources */ = {isa = PBXBuildFile; fileRef = 7D09ECB2243A4D4D004EA0EB /* SignUpPresenter.swift */; };
		7D0B1977242AD3EE0058593F /* AppDelegate.swift in Sources */ = {isa = PBXBuildFile; fileRef = 7D0B1976242AD3EE0058593F /* AppDelegate.swift */; };
		7D0B1979242AD3EE0058593F /* SceneDelegate.swift in Sources */ = {isa = PBXBuildFile; fileRef = 7D0B1978242AD3EE0058593F /* SceneDelegate.swift */; };
		7D0B197E242AD3EE0058593F /* Main.storyboard in Resources */ = {isa = PBXBuildFile; fileRef = 7D0B197C242AD3EE0058593F /* Main.storyboard */; };
		7D0B1981242AD3EE0058593F /* appPhoRent.xcdatamodeld in Sources */ = {isa = PBXBuildFile; fileRef = 7D0B197F242AD3EE0058593F /* appPhoRent.xcdatamodeld */; };
		7D0B1983242AD3F10058593F /* Assets.xcassets in Resources */ = {isa = PBXBuildFile; fileRef = 7D0B1982242AD3F10058593F /* Assets.xcassets */; };
		7D0B1986242AD3F10058593F /* LaunchScreen.storyboard in Resources */ = {isa = PBXBuildFile; fileRef = 7D0B1984242AD3F10058593F /* LaunchScreen.storyboard */; };
		7D0B1990242AD8440058593F /* GoogleService-Info.plist in Resources */ = {isa = PBXBuildFile; fileRef = 7D0B198F242AD8440058593F /* GoogleService-Info.plist */; };
		7D3C44F4246D789C006E83C0 /* FiltersViewController.swift in Sources */ = {isa = PBXBuildFile; fileRef = 7D3C44F2246D789C006E83C0 /* FiltersViewController.swift */; };
		7D3C44F8246D863B006E83C0 /* ManufacturerTableViewCell.swift in Sources */ = {isa = PBXBuildFile; fileRef = 7D3C44F6246D863B006E83C0 /* ManufacturerTableViewCell.swift */; };
		7D3C44F9246D863B006E83C0 /* ManufacturerTableViewCell.xib in Resources */ = {isa = PBXBuildFile; fileRef = 7D3C44F7246D863B006E83C0 /* ManufacturerTableViewCell.xib */; };
		7D454137245B621000A7F4A0 /* Item.swift in Sources */ = {isa = PBXBuildFile; fileRef = 7D454136245B621000A7F4A0 /* Item.swift */; };
		7D45413A245B6D6600A7F4A0 /* CategoryViewController.swift in Sources */ = {isa = PBXBuildFile; fileRef = 7D454138245B6D6600A7F4A0 /* CategoryViewController.swift */; };
		7D45413B245B6D6600A7F4A0 /* CategoryViewController.xib in Resources */ = {isa = PBXBuildFile; fileRef = 7D454139245B6D6600A7F4A0 /* CategoryViewController.xib */; };
		7D45413D245B6D9000A7F4A0 /* CategoryPresenter.swift in Sources */ = {isa = PBXBuildFile; fileRef = 7D45413C245B6D9000A7F4A0 /* CategoryPresenter.swift */; };
		7D5BAAE22433BCC8003F3D41 /* User.swift in Sources */ = {isa = PBXBuildFile; fileRef = 7D5BAAE12433BCC8003F3D41 /* User.swift */; };
		7D5BAAE82433D056003F3D41 /* ModuleBuilder.swift in Sources */ = {isa = PBXBuildFile; fileRef = 7D5BAAE72433D056003F3D41 /* ModuleBuilder.swift */; };
		7D87C1F32434C9B40060C670 /* LoginViewController.swift in Sources */ = {isa = PBXBuildFile; fileRef = 7D87C1F12434C9B40060C670 /* LoginViewController.swift */; };
		7D87C1F42434C9B40060C670 /* LoginViewController.xib in Resources */ = {isa = PBXBuildFile; fileRef = 7D87C1F22434C9B40060C670 /* LoginViewController.xib */; };
		7D87C1F72434C9CA0060C670 /* SignUpViewController.swift in Sources */ = {isa = PBXBuildFile; fileRef = 7D87C1F52434C9CA0060C670 /* SignUpViewController.swift */; };
		7D87C1F82434C9CA0060C670 /* SignUpViewController.xib in Resources */ = {isa = PBXBuildFile; fileRef = 7D87C1F62434C9CA0060C670 /* SignUpViewController.xib */; };
		7D87C2022434CF9E0060C670 /* IntroPresenter.swift in Sources */ = {isa = PBXBuildFile; fileRef = 7D87C2012434CF9E0060C670 /* IntroPresenter.swift */; };
		7D9E8B26245F1A4B006B57C1 /* ItemCellViewController.swift in Sources */ = {isa = PBXBuildFile; fileRef = 7D9E8B24245F1A4B006B57C1 /* ItemCellViewController.swift */; };
		7D9E8B27245F1A4B006B57C1 /* ItemCellViewController.xib in Resources */ = {isa = PBXBuildFile; fileRef = 7D9E8B25245F1A4B006B57C1 /* ItemCellViewController.xib */; };
		7DB291E4245C62DC009732A8 /* TabBarController.xib in Resources */ = {isa = PBXBuildFile; fileRef = 7DB291E3245C62DC009732A8 /* TabBarController.xib */; };
		7DD3DE3F24581464009A99E7 /* PasswordDropPresenter.swift in Sources */ = {isa = PBXBuildFile; fileRef = 7DD3DE3E24581464009A99E7 /* PasswordDropPresenter.swift */; };
		7DD3DE4224581607009A99E7 /* PasswordDropViewController.swift in Sources */ = {isa = PBXBuildFile; fileRef = 7DD3DE4024581607009A99E7 /* PasswordDropViewController.swift */; };
		7DD3DE452458278D009A99E7 /* PasswordDropViewController.xib in Resources */ = {isa = PBXBuildFile; fileRef = 7DD3DE442458278D009A99E7 /* PasswordDropViewController.xib */; };
		ADE262166133FF45076A455C /* Pods_appPhoRent.framework in Frameworks */ = {isa = PBXBuildFile; fileRef = 7DEBEFDC9C93AE054BF93693 /* Pods_appPhoRent.framework */; };
/* End PBXBuildFile section */

/* Begin PBXFileReference section */
		282F5DB024780BC4004ACE52 /* OrdersPresenter.swift */ = {isa = PBXFileReference; lastKnownFileType = sourcecode.swift; path = OrdersPresenter.swift; sourceTree = "<group>"; };
		282F5DB224780C92004ACE52 /* OrdersViewController.swift */ = {isa = PBXFileReference; lastKnownFileType = sourcecode.swift; path = OrdersViewController.swift; sourceTree = "<group>"; };
		282F5DB624782DF4004ACE52 /* OrdersTableViewCell.swift */ = {isa = PBXFileReference; lastKnownFileType = sourcecode.swift; path = OrdersTableViewCell.swift; sourceTree = "<group>"; };
		282F5DB724782DF4004ACE52 /* OrdersTableViewCell.xib */ = {isa = PBXFileReference; lastKnownFileType = file.xib; path = OrdersTableViewCell.xib; sourceTree = "<group>"; };
		285658E0246AFE2A00053F56 /* DataManager.swift */ = {isa = PBXFileReference; lastKnownFileType = sourcecode.swift; path = DataManager.swift; sourceTree = "<group>"; };
		285658E2246D776600053F56 /* SplashScreenViewController.swift */ = {isa = PBXFileReference; lastKnownFileType = sourcecode.swift; path = SplashScreenViewController.swift; sourceTree = "<group>"; };
		285658E3246D776600053F56 /* SplashScreenViewController.xib */ = {isa = PBXFileReference; lastKnownFileType = file.xib; path = SplashScreenViewController.xib; sourceTree = "<group>"; };
		285658E6246D77CE00053F56 /* SplashScreenPresenter.swift */ = {isa = PBXFileReference; lastKnownFileType = sourcecode.swift; path = SplashScreenPresenter.swift; sourceTree = "<group>"; };
		286566E42466BD98000071B7 /* CustomColors.swift */ = {isa = PBXFileReference; lastKnownFileType = sourcecode.swift; path = CustomColors.swift; sourceTree = "<group>"; };
		286566E62467201B000071B7 /* BasketItem.swift */ = {isa = PBXFileReference; lastKnownFileType = sourcecode.swift; path = BasketItem.swift; sourceTree = "<group>"; };
		286566EA24672212000071B7 /* BasketPresenter.swift */ = {isa = PBXFileReference; lastKnownFileType = sourcecode.swift; path = BasketPresenter.swift; sourceTree = "<group>"; };
		286566ED24683248000071B7 /* BasketViewController.swift */ = {isa = PBXFileReference; lastKnownFileType = sourcecode.swift; path = BasketViewController.swift; sourceTree = "<group>"; };
		286566F024683801000071B7 /* BasketTableViewCell.xib */ = {isa = PBXFileReference; lastKnownFileType = file.xib; path = BasketTableViewCell.xib; sourceTree = "<group>"; };
		286566F424683CED000071B7 /* BasketTableViewCell.swift */ = {isa = PBXFileReference; lastKnownFileType = sourcecode.swift; path = BasketTableViewCell.swift; sourceTree = "<group>"; };
		28B1B929243F9732002732A5 /* Constraints.swift */ = {isa = PBXFileReference; lastKnownFileType = sourcecode.swift; path = Constraints.swift; sourceTree = "<group>"; };
		28B1B92C243F9757002732A5 /* AboutUsPresenter.swift */ = {isa = PBXFileReference; lastKnownFileType = sourcecode.swift; path = AboutUsPresenter.swift; sourceTree = "<group>"; };
		28B1B92E243F9767002732A5 /* AboutUsViewController.swift */ = {isa = PBXFileReference; lastKnownFileType = sourcecode.swift; path = AboutUsViewController.swift; sourceTree = "<group>"; };
		28B1B933243F97B6002732A5 /* PersonalData.swift */ = {isa = PBXFileReference; lastKnownFileType = sourcecode.swift; path = PersonalData.swift; sourceTree = "<group>"; };
		28B1B935243F97C3002732A5 /* PersonalPresenter.swift */ = {isa = PBXFileReference; lastKnownFileType = sourcecode.swift; path = PersonalPresenter.swift; sourceTree = "<group>"; };
		28B1B937243F97D0002732A5 /* PersonalViewController.swift */ = {isa = PBXFileReference; lastKnownFileType = sourcecode.swift; path = PersonalViewController.swift; sourceTree = "<group>"; };
		28B1B93D243F9877002732A5 /* TabBarPresenter.swift */ = {isa = PBXFileReference; lastKnownFileType = sourcecode.swift; path = TabBarPresenter.swift; sourceTree = "<group>"; };
		28B1B93F243F9881002732A5 /* TabBarController.swift */ = {isa = PBXFileReference; lastKnownFileType = sourcecode.swift; path = TabBarController.swift; sourceTree = "<group>"; };
		4F641008C30B731C7C0C4DB3 /* Pods-appPhoRent.debug.xcconfig */ = {isa = PBXFileReference; includeInIndex = 1; lastKnownFileType = text.xcconfig; name = "Pods-appPhoRent.debug.xcconfig"; path = "Target Support Files/Pods-appPhoRent/Pods-appPhoRent.debug.xcconfig"; sourceTree = "<group>"; };
		6CCC52C824507E3200D769A3 /* MainSearchTableViewCell.swift */ = {isa = PBXFileReference; lastKnownFileType = sourcecode.swift; path = MainSearchTableViewCell.swift; sourceTree = "<group>"; };
		6CCC52C924507E3200D769A3 /* MainSearchTableViewCell.xib */ = {isa = PBXFileReference; lastKnownFileType = file.xib; path = MainSearchTableViewCell.xib; sourceTree = "<group>"; };
		6CCC52CD2450B62100D769A3 /* NetWorkService.swift */ = {isa = PBXFileReference; lastKnownFileType = sourcecode.swift; path = NetWorkService.swift; sourceTree = "<group>"; };
		6CD29CF3244F244E00770217 /* MainSearchViewController.swift */ = {isa = PBXFileReference; lastKnownFileType = sourcecode.swift; path = MainSearchViewController.swift; sourceTree = "<group>"; };
		6CD29CF4244F244E00770217 /* MainSearchViewController.xib */ = {isa = PBXFileReference; lastKnownFileType = file.xib; path = MainSearchViewController.xib; sourceTree = "<group>"; };
		6CD29CF7244F25B300770217 /* Category.swift */ = {isa = PBXFileReference; lastKnownFileType = sourcecode.swift; path = Category.swift; sourceTree = "<group>"; };
		6CD29CFD244F2C1800770217 /* MainSearchPresenter.swift */ = {isa = PBXFileReference; lastKnownFileType = sourcecode.swift; path = MainSearchPresenter.swift; sourceTree = "<group>"; };
		7209B28DAFED4280297EAAEC /* Pods-appPhoRent.release.xcconfig */ = {isa = PBXFileReference; includeInIndex = 1; lastKnownFileType = text.xcconfig; name = "Pods-appPhoRent.release.xcconfig"; path = "Target Support Files/Pods-appPhoRent/Pods-appPhoRent.release.xcconfig"; sourceTree = "<group>"; };
		7D09ECA0243A18E6004EA0EB /* Router.swift */ = {isa = PBXFileReference; lastKnownFileType = sourcecode.swift; path = Router.swift; sourceTree = "<group>"; };
		7D09ECA6243A364B004EA0EB /* LoginPresenter.swift */ = {isa = PBXFileReference; lastKnownFileType = sourcecode.swift; path = LoginPresenter.swift; sourceTree = "<group>"; };
		7D09ECA8243A40BE004EA0EB /* IntroViewController.swift */ = {isa = PBXFileReference; lastKnownFileType = sourcecode.swift; path = IntroViewController.swift; sourceTree = "<group>"; };
		7D09ECA9243A40BE004EA0EB /* IntroViewController.xib */ = {isa = PBXFileReference; lastKnownFileType = file.xib; path = IntroViewController.xib; sourceTree = "<group>"; };
		7D09ECB2243A4D4D004EA0EB /* SignUpPresenter.swift */ = {isa = PBXFileReference; lastKnownFileType = sourcecode.swift; path = SignUpPresenter.swift; sourceTree = "<group>"; };
		7D0B1973242AD3EE0058593F /* PhoRent.app */ = {isa = PBXFileReference; explicitFileType = wrapper.application; includeInIndex = 0; path = PhoRent.app; sourceTree = BUILT_PRODUCTS_DIR; };
		7D0B1976242AD3EE0058593F /* AppDelegate.swift */ = {isa = PBXFileReference; lastKnownFileType = sourcecode.swift; path = AppDelegate.swift; sourceTree = "<group>"; };
		7D0B1978242AD3EE0058593F /* SceneDelegate.swift */ = {isa = PBXFileReference; lastKnownFileType = sourcecode.swift; path = SceneDelegate.swift; sourceTree = "<group>"; };
		7D0B197D242AD3EE0058593F /* Base */ = {isa = PBXFileReference; lastKnownFileType = file.storyboard; name = Base; path = Base.lproj/Main.storyboard; sourceTree = "<group>"; };
		7D0B1980242AD3EE0058593F /* appPhoRent.xcdatamodel */ = {isa = PBXFileReference; lastKnownFileType = wrapper.xcdatamodel; path = appPhoRent.xcdatamodel; sourceTree = "<group>"; };
		7D0B1982242AD3F10058593F /* Assets.xcassets */ = {isa = PBXFileReference; lastKnownFileType = folder.assetcatalog; path = Assets.xcassets; sourceTree = "<group>"; };
		7D0B1985242AD3F10058593F /* Base */ = {isa = PBXFileReference; lastKnownFileType = file.storyboard; name = Base; path = Base.lproj/LaunchScreen.storyboard; sourceTree = "<group>"; };
		7D0B1987242AD3F10058593F /* Info.plist */ = {isa = PBXFileReference; lastKnownFileType = text.plist.xml; path = Info.plist; sourceTree = "<group>"; };
		7D0B198F242AD8440058593F /* GoogleService-Info.plist */ = {isa = PBXFileReference; fileEncoding = 4; lastKnownFileType = text.plist.xml; path = "GoogleService-Info.plist"; sourceTree = "<group>"; };
		7D3C44F2246D789C006E83C0 /* FiltersViewController.swift */ = {isa = PBXFileReference; lastKnownFileType = sourcecode.swift; path = FiltersViewController.swift; sourceTree = "<group>"; };
		7D3C44F6246D863B006E83C0 /* ManufacturerTableViewCell.swift */ = {isa = PBXFileReference; lastKnownFileType = sourcecode.swift; path = ManufacturerTableViewCell.swift; sourceTree = "<group>"; };
		7D3C44F7246D863B006E83C0 /* ManufacturerTableViewCell.xib */ = {isa = PBXFileReference; lastKnownFileType = file.xib; path = ManufacturerTableViewCell.xib; sourceTree = "<group>"; };
		7D454136245B621000A7F4A0 /* Item.swift */ = {isa = PBXFileReference; lastKnownFileType = sourcecode.swift; path = Item.swift; sourceTree = "<group>"; };
		7D454138245B6D6600A7F4A0 /* CategoryViewController.swift */ = {isa = PBXFileReference; lastKnownFileType = sourcecode.swift; path = CategoryViewController.swift; sourceTree = "<group>"; };
		7D454139245B6D6600A7F4A0 /* CategoryViewController.xib */ = {isa = PBXFileReference; lastKnownFileType = file.xib; path = CategoryViewController.xib; sourceTree = "<group>"; };
		7D45413C245B6D9000A7F4A0 /* CategoryPresenter.swift */ = {isa = PBXFileReference; lastKnownFileType = sourcecode.swift; path = CategoryPresenter.swift; sourceTree = "<group>"; };
		7D5BAAE12433BCC8003F3D41 /* User.swift */ = {isa = PBXFileReference; lastKnownFileType = sourcecode.swift; path = User.swift; sourceTree = "<group>"; };
		7D5BAAE72433D056003F3D41 /* ModuleBuilder.swift */ = {isa = PBXFileReference; lastKnownFileType = sourcecode.swift; path = ModuleBuilder.swift; sourceTree = "<group>"; };
		7D87C1F12434C9B40060C670 /* LoginViewController.swift */ = {isa = PBXFileReference; lastKnownFileType = sourcecode.swift; path = LoginViewController.swift; sourceTree = "<group>"; };
		7D87C1F22434C9B40060C670 /* LoginViewController.xib */ = {isa = PBXFileReference; lastKnownFileType = file.xib; path = LoginViewController.xib; sourceTree = "<group>"; };
		7D87C1F52434C9CA0060C670 /* SignUpViewController.swift */ = {isa = PBXFileReference; lastKnownFileType = sourcecode.swift; path = SignUpViewController.swift; sourceTree = "<group>"; };
		7D87C1F62434C9CA0060C670 /* SignUpViewController.xib */ = {isa = PBXFileReference; lastKnownFileType = file.xib; path = SignUpViewController.xib; sourceTree = "<group>"; };
		7D87C2012434CF9E0060C670 /* IntroPresenter.swift */ = {isa = PBXFileReference; lastKnownFileType = sourcecode.swift; path = IntroPresenter.swift; sourceTree = "<group>"; };
		7D9E8B24245F1A4B006B57C1 /* ItemCellViewController.swift */ = {isa = PBXFileReference; lastKnownFileType = sourcecode.swift; path = ItemCellViewController.swift; sourceTree = "<group>"; };
		7D9E8B25245F1A4B006B57C1 /* ItemCellViewController.xib */ = {isa = PBXFileReference; lastKnownFileType = file.xib; path = ItemCellViewController.xib; sourceTree = "<group>"; };
		7DB291E3245C62DC009732A8 /* TabBarController.xib */ = {isa = PBXFileReference; lastKnownFileType = file.xib; path = TabBarController.xib; sourceTree = "<group>"; };
		7DD3DE3E24581464009A99E7 /* PasswordDropPresenter.swift */ = {isa = PBXFileReference; lastKnownFileType = sourcecode.swift; path = PasswordDropPresenter.swift; sourceTree = "<group>"; };
		7DD3DE4024581607009A99E7 /* PasswordDropViewController.swift */ = {isa = PBXFileReference; lastKnownFileType = sourcecode.swift; path = PasswordDropViewController.swift; sourceTree = "<group>"; };
		7DD3DE442458278D009A99E7 /* PasswordDropViewController.xib */ = {isa = PBXFileReference; lastKnownFileType = file.xib; path = PasswordDropViewController.xib; sourceTree = "<group>"; };
		7DEBEFDC9C93AE054BF93693 /* Pods_appPhoRent.framework */ = {isa = PBXFileReference; explicitFileType = wrapper.framework; includeInIndex = 0; path = Pods_appPhoRent.framework; sourceTree = BUILT_PRODUCTS_DIR; };
/* End PBXFileReference section */

/* Begin PBXFrameworksBuildPhase section */
		7D0B1970242AD3EE0058593F /* Frameworks */ = {
			isa = PBXFrameworksBuildPhase;
			buildActionMask = 2147483647;
			files = (
				ADE262166133FF45076A455C /* Pods_appPhoRent.framework in Frameworks */,
			);
			runOnlyForDeploymentPostprocessing = 0;
		};
/* End PBXFrameworksBuildPhase section */

/* Begin PBXGroup section */
		155257761F3EDFCCC591030C /* Frameworks */ = {
			isa = PBXGroup;
			children = (
				7DEBEFDC9C93AE054BF93693 /* Pods_appPhoRent.framework */,
			);
			name = Frameworks;
			sourceTree = "<group>";
		};
		282F5DBA24783B66004ACE52 /* PreviousOrdersModule */ = {
			isa = PBXGroup;
			children = (
				282F5DBD24783BAC004ACE52 /* Presenter */,
				282F5DBC24783BA7004ACE52 /* View */,
				282F5DBB24783B98004ACE52 /* Model */,
			);
			path = PreviousOrdersModule;
			sourceTree = "<group>";
		};
		282F5DBB24783B98004ACE52 /* Model */ = {
			isa = PBXGroup;
			children = (
			);
			path = Model;
			sourceTree = "<group>";
		};
		282F5DBC24783BA7004ACE52 /* View */ = {
			isa = PBXGroup;
			children = (
				282F5DB224780C92004ACE52 /* OrdersViewController.swift */,
				282F5DB624782DF4004ACE52 /* OrdersTableViewCell.swift */,
				282F5DB724782DF4004ACE52 /* OrdersTableViewCell.xib */,
			);
			path = View;
			sourceTree = "<group>";
		};
		282F5DBD24783BAC004ACE52 /* Presenter */ = {
			isa = PBXGroup;
			children = (
				282F5DB024780BC4004ACE52 /* OrdersPresenter.swift */,
			);
			path = Presenter;
			sourceTree = "<group>";
		};
		285658EA246DD58700053F56 /* SplashScreenModule */ = {
			isa = PBXGroup;
			children = (
				285658EB246DD5A500053F56 /* View */,
				285658EC246DD5AB00053F56 /* Presenter */,
			);
			path = SplashScreenModule;
			sourceTree = "<group>";
		};
		285658EB246DD5A500053F56 /* View */ = {
			isa = PBXGroup;
			children = (
				285658E2246D776600053F56 /* SplashScreenViewController.swift */,
				285658E3246D776600053F56 /* SplashScreenViewController.xib */,
			);
			path = View;
			sourceTree = "<group>";
		};
		285658EC246DD5AB00053F56 /* Presenter */ = {
			isa = PBXGroup;
			children = (
				285658E6246D77CE00053F56 /* SplashScreenPresenter.swift */,
			);
			path = Presenter;
			sourceTree = "<group>";
		};
		286566E8246721CD000071B7 /* BasketModule */ = {
			isa = PBXGroup;
			children = (
				286566EC24672219000071B7 /* Presenter */,
				286566E9246721DF000071B7 /* Model */,
				286566F324683809000071B7 /* View */,
			);
			path = BasketModule;
			sourceTree = "<group>";
		};
		286566E9246721DF000071B7 /* Model */ = {
			isa = PBXGroup;
			children = (
				286566E62467201B000071B7 /* BasketItem.swift */,
			);
			path = Model;
			sourceTree = "<group>";
		};
		286566EC24672219000071B7 /* Presenter */ = {
			isa = PBXGroup;
			children = (
				286566EA24672212000071B7 /* BasketPresenter.swift */,
			);
			path = Presenter;
			sourceTree = "<group>";
		};
		286566F324683809000071B7 /* View */ = {
			isa = PBXGroup;
			children = (
				286566ED24683248000071B7 /* BasketViewController.swift */,
				286566F024683801000071B7 /* BasketTableViewCell.xib */,
				286566F424683CED000071B7 /* BasketTableViewCell.swift */,
			);
			path = View;
			sourceTree = "<group>";
		};
		28B1B92B243F973C002732A5 /* Structs */ = {
			isa = PBXGroup;
			children = (
				28B1B929243F9732002732A5 /* Constraints.swift */,
				286566E42466BD98000071B7 /* CustomColors.swift */,
			);
			path = Structs;
			sourceTree = "<group>";
		};
		28B1B930243F976B002732A5 /* AboutUsModule */ = {
			isa = PBXGroup;
			children = (
				28B1B932243F9780002732A5 /* View */,
				28B1B931243F9779002732A5 /* Presenter */,
			);
			path = AboutUsModule;
			sourceTree = "<group>";
		};
		28B1B931243F9779002732A5 /* Presenter */ = {
			isa = PBXGroup;
			children = (
				28B1B92C243F9757002732A5 /* AboutUsPresenter.swift */,
			);
			path = Presenter;
			sourceTree = "<group>";
		};
		28B1B932243F9780002732A5 /* View */ = {
			isa = PBXGroup;
			children = (
				28B1B92E243F9767002732A5 /* AboutUsViewController.swift */,
			);
			path = View;
			sourceTree = "<group>";
		};
		28B1B939243F97F8002732A5 /* PersonalModule */ = {
			isa = PBXGroup;
			children = (
				28B1B93A243F9802002732A5 /* Model */,
				28B1B93C243F9810002732A5 /* View */,
				28B1B93B243F9807002732A5 /* Presenter */,
			);
			path = PersonalModule;
			sourceTree = "<group>";
		};
		28B1B93A243F9802002732A5 /* Model */ = {
			isa = PBXGroup;
			children = (
				28B1B933243F97B6002732A5 /* PersonalData.swift */,
			);
			path = Model;
			sourceTree = "<group>";
		};
		28B1B93B243F9807002732A5 /* Presenter */ = {
			isa = PBXGroup;
			children = (
				28B1B935243F97C3002732A5 /* PersonalPresenter.swift */,
			);
			path = Presenter;
			sourceTree = "<group>";
		};
		28B1B93C243F9810002732A5 /* View */ = {
			isa = PBXGroup;
			children = (
				28B1B937243F97D0002732A5 /* PersonalViewController.swift */,
			);
			path = View;
			sourceTree = "<group>";
		};
		28B1B941243F9888002732A5 /* TabBarModule */ = {
			isa = PBXGroup;
			children = (
				28B1B943243F989C002732A5 /* View */,
				28B1B942243F9893002732A5 /* Presenter */,
			);
			path = TabBarModule;
			sourceTree = "<group>";
		};
		28B1B942243F9893002732A5 /* Presenter */ = {
			isa = PBXGroup;
			children = (
				28B1B93D243F9877002732A5 /* TabBarPresenter.swift */,
			);
			path = Presenter;
			sourceTree = "<group>";
		};
		28B1B943243F989C002732A5 /* View */ = {
			isa = PBXGroup;
			children = (
				28B1B93F243F9881002732A5 /* TabBarController.swift */,
				7DB291E3245C62DC009732A8 /* TabBarController.xib */,
			);
			path = View;
			sourceTree = "<group>";
		};
		6C7B3BE2246038D3002F86B7 /* Model */ = {
			isa = PBXGroup;
			children = (
				7D454136245B621000A7F4A0 /* Item.swift */,
			);
			path = Model;
			sourceTree = "<group>";
		};
		6C7B3BE3246038EE002F86B7 /* View */ = {
			isa = PBXGroup;
			children = (
				7D454138245B6D6600A7F4A0 /* CategoryViewController.swift */,
				7D454139245B6D6600A7F4A0 /* CategoryViewController.xib */,
				7D9E8B24245F1A4B006B57C1 /* ItemCellViewController.swift */,
				7D9E8B25245F1A4B006B57C1 /* ItemCellViewController.xib */,
				7D3C44F2246D789C006E83C0 /* FiltersViewController.swift */,
				7D3C44F6246D863B006E83C0 /* ManufacturerTableViewCell.swift */,
				7D3C44F7246D863B006E83C0 /* ManufacturerTableViewCell.xib */,
			);
			path = View;
			sourceTree = "<group>";
		};
		6C7B3BE4246038FB002F86B7 /* Presenter */ = {
			isa = PBXGroup;
			children = (
				7D45413C245B6D9000A7F4A0 /* CategoryPresenter.swift */,
			);
			path = Presenter;
			sourceTree = "<group>";
		};
		6CCC52CC2450B60900D769A3 /* NetWorkService */ = {
			isa = PBXGroup;
			children = (
				6CCC52CD2450B62100D769A3 /* NetWorkService.swift */,
			);
			path = NetWorkService;
			sourceTree = "<group>";
		};
		6CD29CE7244F230500770217 /* MainSearchModule */ = {
			isa = PBXGroup;
			children = (
				6CD29CE8244F232C00770217 /* Model */,
				6CD29CE9244F233B00770217 /* View */,
				6CD29CEA244F234700770217 /* Presenter */,
			);
			path = MainSearchModule;
			sourceTree = "<group>";
		};
		6CD29CE8244F232C00770217 /* Model */ = {
			isa = PBXGroup;
			children = (
				6CD29CF7244F25B300770217 /* Category.swift */,
			);
			path = Model;
			sourceTree = "<group>";
		};
		6CD29CE9244F233B00770217 /* View */ = {
			isa = PBXGroup;
			children = (
				6CD29CF3244F244E00770217 /* MainSearchViewController.swift */,
				6CD29CF4244F244E00770217 /* MainSearchViewController.xib */,
				6CCC52C824507E3200D769A3 /* MainSearchTableViewCell.swift */,
				6CCC52C924507E3200D769A3 /* MainSearchTableViewCell.xib */,
			);
			path = View;
			sourceTree = "<group>";
		};
		6CD29CEA244F234700770217 /* Presenter */ = {
			isa = PBXGroup;
			children = (
				6CD29CFD244F2C1800770217 /* MainSearchPresenter.swift */,
			);
			path = Presenter;
			sourceTree = "<group>";
		};
		7C431A1AA50190332932471A /* Pods */ = {
			isa = PBXGroup;
			children = (
				4F641008C30B731C7C0C4DB3 /* Pods-appPhoRent.debug.xcconfig */,
				7209B28DAFED4280297EAAEC /* Pods-appPhoRent.release.xcconfig */,
			);
			path = Pods;
			sourceTree = "<group>";
		};
		7D0B196A242AD3EE0058593F = {
			isa = PBXGroup;
			children = (
				7D0B1975242AD3EE0058593F /* appPhoRent */,
				7D0B1974242AD3EE0058593F /* Products */,
				7C431A1AA50190332932471A /* Pods */,
				155257761F3EDFCCC591030C /* Frameworks */,
			);
			sourceTree = "<group>";
		};
		7D0B1974242AD3EE0058593F /* Products */ = {
			isa = PBXGroup;
			children = (
				7D0B1973242AD3EE0058593F /* PhoRent.app */,
			);
			name = Products;
			sourceTree = "<group>";
		};
		7D0B1975242AD3EE0058593F /* appPhoRent */ = {
			isa = PBXGroup;
			children = (
				7D3C44E9246C7A89006E83C0 /* FiltersModule */,
				7D0B1976242AD3EE0058593F /* AppDelegate.swift */,
				7D0B1978242AD3EE0058593F /* SceneDelegate.swift */,
				7D0B197C242AD3EE0058593F /* Main.storyboard */,
				7D0B1982242AD3F10058593F /* Assets.xcassets */,
				7D0B1984242AD3F10058593F /* LaunchScreen.storyboard */,
				7D0B1987242AD3F10058593F /* Info.plist */,
				7D0B197F242AD3EE0058593F /* appPhoRent.xcdatamodeld */,
				7D0B198F242AD8440058593F /* GoogleService-Info.plist */,
				285658E0246AFE2A00053F56 /* DataManager.swift */,
				7D5BAAE72433D056003F3D41 /* ModuleBuilder.swift */,
				7D09ECA0243A18E6004EA0EB /* Router.swift */,
				282F5DBA24783B66004ACE52 /* PreviousOrdersModule */,
				285658EA246DD58700053F56 /* SplashScreenModule */,
				286566E8246721CD000071B7 /* BasketModule */,
				7DB291E2245C57FF009732A8 /* CategoryModule */,
				6CCC52CC2450B60900D769A3 /* NetWorkService */,
				6CD29CE7244F230500770217 /* MainSearchModule */,
				28B1B941243F9888002732A5 /* TabBarModule */,
				28B1B939243F97F8002732A5 /* PersonalModule */,
				28B1B930243F976B002732A5 /* AboutUsModule */,
				28B1B92B243F973C002732A5 /* Structs */,
				7D5BAAEB2433D29A003F3D41 /* AuthModule */,
				7D87C1FD2434CE8A0060C670 /* IntroModule */,
			);
			path = appPhoRent;
			sourceTree = "<group>";
		};
		7D3C44E9246C7A89006E83C0 /* FiltersModule */ = {
			isa = PBXGroup;
			children = (
			);
			path = FiltersModule;
			sourceTree = "<group>";
		};
		7D5BAAEB2433D29A003F3D41 /* AuthModule */ = {
			isa = PBXGroup;
			children = (
				7D5BAAF02433D370003F3D41 /* Model */,
				7D5BAAEF2433D369003F3D41 /* View */,
				7D5BAAF12433D378003F3D41 /* Presenter */,
			);
			path = AuthModule;
			sourceTree = "<group>";
		};
		7D5BAAEF2433D369003F3D41 /* View */ = {
			isa = PBXGroup;
			children = (
				7D87C1F12434C9B40060C670 /* LoginViewController.swift */,
				7D87C1F22434C9B40060C670 /* LoginViewController.xib */,
				7D87C1F52434C9CA0060C670 /* SignUpViewController.swift */,
				7D87C1F62434C9CA0060C670 /* SignUpViewController.xib */,
				7DD3DE4024581607009A99E7 /* PasswordDropViewController.swift */,
				7DD3DE442458278D009A99E7 /* PasswordDropViewController.xib */,
			);
			path = View;
			sourceTree = "<group>";
		};
		7D5BAAF02433D370003F3D41 /* Model */ = {
			isa = PBXGroup;
			children = (
				7D5BAAE12433BCC8003F3D41 /* User.swift */,
			);
			path = Model;
			sourceTree = "<group>";
		};
		7D5BAAF12433D378003F3D41 /* Presenter */ = {
			isa = PBXGroup;
			children = (
				7D09ECA6243A364B004EA0EB /* LoginPresenter.swift */,
				7D09ECB2243A4D4D004EA0EB /* SignUpPresenter.swift */,
				7DD3DE3E24581464009A99E7 /* PasswordDropPresenter.swift */,
			);
			path = Presenter;
			sourceTree = "<group>";
		};
		7D87C1FD2434CE8A0060C670 /* IntroModule */ = {
			isa = PBXGroup;
			children = (
				7D87C1FF2434CEAE0060C670 /* Model */,
				7D87C1FE2434CEA70060C670 /* View */,
				7D87C2002434CEB60060C670 /* Presenter */,
			);
			path = IntroModule;
			sourceTree = "<group>";
		};
		7D87C1FE2434CEA70060C670 /* View */ = {
			isa = PBXGroup;
			children = (
				7D09ECA8243A40BE004EA0EB /* IntroViewController.swift */,
				7D09ECA9243A40BE004EA0EB /* IntroViewController.xib */,
			);
			path = View;
			sourceTree = "<group>";
		};
		7D87C1FF2434CEAE0060C670 /* Model */ = {
			isa = PBXGroup;
			children = (
			);
			path = Model;
			sourceTree = "<group>";
		};
		7D87C2002434CEB60060C670 /* Presenter */ = {
			isa = PBXGroup;
			children = (
				7D87C2012434CF9E0060C670 /* IntroPresenter.swift */,
			);
			path = Presenter;
			sourceTree = "<group>";
		};
		7DB291E2245C57FF009732A8 /* CategoryModule */ = {
			isa = PBXGroup;
			children = (
				6C7B3BE2246038D3002F86B7 /* Model */,
				6C7B3BE3246038EE002F86B7 /* View */,
				6C7B3BE4246038FB002F86B7 /* Presenter */,
			);
			path = CategoryModule;
			sourceTree = "<group>";
		};
/* End PBXGroup section */

/* Begin PBXNativeTarget section */
		7D0B1972242AD3EE0058593F /* appPhoRent */ = {
			isa = PBXNativeTarget;
			buildConfigurationList = 7D0B198A242AD3F10058593F /* Build configuration list for PBXNativeTarget "appPhoRent" */;
			buildPhases = (
				10A2E9CE2A3BF148C378BD0A /* [CP] Check Pods Manifest.lock */,
				7D0B196F242AD3EE0058593F /* Sources */,
				7D0B1970242AD3EE0058593F /* Frameworks */,
				7D0B1971242AD3EE0058593F /* Resources */,
				6AF3ABA9848FDACC49E9F0E6 /* [CP] Embed Pods Frameworks */,
			);
			buildRules = (
			);
			dependencies = (
			);
			name = appPhoRent;
			productName = appPhoRent;
			productReference = 7D0B1973242AD3EE0058593F /* PhoRent.app */;
			productType = "com.apple.product-type.application";
		};
/* End PBXNativeTarget section */

/* Begin PBXProject section */
		7D0B196B242AD3EE0058593F /* Project object */ = {
			isa = PBXProject;
			attributes = {
				LastSwiftUpdateCheck = 1130;
				LastUpgradeCheck = 1130;
				ORGANIZATIONNAME = "Александр Сетров";
				TargetAttributes = {
					7D0B1972242AD3EE0058593F = {
						CreatedOnToolsVersion = 11.3.1;
					};
				};
			};
			buildConfigurationList = 7D0B196E242AD3EE0058593F /* Build configuration list for PBXProject "appPhoRent" */;
			compatibilityVersion = "Xcode 9.3";
			developmentRegion = en;
			hasScannedForEncodings = 0;
			knownRegions = (
				en,
				Base,
			);
			mainGroup = 7D0B196A242AD3EE0058593F;
			productRefGroup = 7D0B1974242AD3EE0058593F /* Products */;
			projectDirPath = "";
			projectRoot = "";
			targets = (
				7D0B1972242AD3EE0058593F /* appPhoRent */,
			);
		};
/* End PBXProject section */

/* Begin PBXResourcesBuildPhase section */
		7D0B1971242AD3EE0058593F /* Resources */ = {
			isa = PBXResourcesBuildPhase;
			buildActionMask = 2147483647;
			files = (
				7D0B1986242AD3F10058593F /* LaunchScreen.storyboard in Resources */,
				7D9E8B27245F1A4B006B57C1 /* ItemCellViewController.xib in Resources */,
				282F5DB924782DF4004ACE52 /* OrdersTableViewCell.xib in Resources */,
				7D0B1990242AD8440058593F /* GoogleService-Info.plist in Resources */,
				7D09ECAB243A40BE004EA0EB /* IntroViewController.xib in Resources */,
				7D0B1983242AD3F10058593F /* Assets.xcassets in Resources */,
				7DD3DE452458278D009A99E7 /* PasswordDropViewController.xib in Resources */,
				7D0B197E242AD3EE0058593F /* Main.storyboard in Resources */,
				7D3C44F9246D863B006E83C0 /* ManufacturerTableViewCell.xib in Resources */,
				7D87C1F42434C9B40060C670 /* LoginViewController.xib in Resources */,
				285658E5246D776600053F56 /* SplashScreenViewController.xib in Resources */,
				286566F224683801000071B7 /* BasketTableViewCell.xib in Resources */,
				7D45413B245B6D6600A7F4A0 /* CategoryViewController.xib in Resources */,
				6CD29CF6244F244E00770217 /* MainSearchViewController.xib in Resources */,
				6CCC52CB24507E3200D769A3 /* MainSearchTableViewCell.xib in Resources */,
				7DB291E4245C62DC009732A8 /* TabBarController.xib in Resources */,
				7D87C1F82434C9CA0060C670 /* SignUpViewController.xib in Resources */,
			);
			runOnlyForDeploymentPostprocessing = 0;
		};
/* End PBXResourcesBuildPhase section */

/* Begin PBXShellScriptBuildPhase section */
		10A2E9CE2A3BF148C378BD0A /* [CP] Check Pods Manifest.lock */ = {
			isa = PBXShellScriptBuildPhase;
			buildActionMask = 2147483647;
			files = (
			);
			inputFileListPaths = (
			);
			inputPaths = (
				"${PODS_PODFILE_DIR_PATH}/Podfile.lock",
				"${PODS_ROOT}/Manifest.lock",
			);
			name = "[CP] Check Pods Manifest.lock";
			outputFileListPaths = (
			);
			outputPaths = (
				"$(DERIVED_FILE_DIR)/Pods-appPhoRent-checkManifestLockResult.txt",
			);
			runOnlyForDeploymentPostprocessing = 0;
			shellPath = /bin/sh;
			shellScript = "diff \"${PODS_PODFILE_DIR_PATH}/Podfile.lock\" \"${PODS_ROOT}/Manifest.lock\" > /dev/null\nif [ $? != 0 ] ; then\n    # print error to STDERR\n    echo \"error: The sandbox is not in sync with the Podfile.lock. Run 'pod install' or update your CocoaPods installation.\" >&2\n    exit 1\nfi\n# This output is used by Xcode 'outputs' to avoid re-running this script phase.\necho \"SUCCESS\" > \"${SCRIPT_OUTPUT_FILE_0}\"\n";
			showEnvVarsInLog = 0;
		};
		6AF3ABA9848FDACC49E9F0E6 /* [CP] Embed Pods Frameworks */ = {
			isa = PBXShellScriptBuildPhase;
			buildActionMask = 2147483647;
			files = (
			);
			inputFileListPaths = (
				"${PODS_ROOT}/Target Support Files/Pods-appPhoRent/Pods-appPhoRent-frameworks-${CONFIGURATION}-input-files.xcfilelist",
			);
			name = "[CP] Embed Pods Frameworks";
			outputFileListPaths = (
				"${PODS_ROOT}/Target Support Files/Pods-appPhoRent/Pods-appPhoRent-frameworks-${CONFIGURATION}-output-files.xcfilelist",
			);
			runOnlyForDeploymentPostprocessing = 0;
			shellPath = /bin/sh;
			shellScript = "\"${PODS_ROOT}/Target Support Files/Pods-appPhoRent/Pods-appPhoRent-frameworks.sh\"\n";
			showEnvVarsInLog = 0;
		};
/* End PBXShellScriptBuildPhase section */

/* Begin PBXSourcesBuildPhase section */
		7D0B196F242AD3EE0058593F /* Sources */ = {
			isa = PBXSourcesBuildPhase;
			buildActionMask = 2147483647;
			files = (
				7D09ECA7243A364B004EA0EB /* LoginPresenter.swift in Sources */,
				285658E1246AFE2A00053F56 /* DataManager.swift in Sources */,
				7D87C1F32434C9B40060C670 /* LoginViewController.swift in Sources */,
				6CCC52CA24507E3200D769A3 /* MainSearchTableViewCell.swift in Sources */,
				7DD3DE4224581607009A99E7 /* PasswordDropViewController.swift in Sources */,
				7D87C2022434CF9E0060C670 /* IntroPresenter.swift in Sources */,
				282F5DB324780C92004ACE52 /* OrdersViewController.swift in Sources */,
				7D454137245B621000A7F4A0 /* Item.swift in Sources */,
				7D09ECB3243A4D4D004EA0EB /* SignUpPresenter.swift in Sources */,
				6CD29CFE244F2C1800770217 /* MainSearchPresenter.swift in Sources */,
				286566EB24672212000071B7 /* BasketPresenter.swift in Sources */,
				28B1B934243F97B6002732A5 /* PersonalData.swift in Sources */,
				7D9E8B26245F1A4B006B57C1 /* ItemCellViewController.swift in Sources */,
				282F5DB124780BC4004ACE52 /* OrdersPresenter.swift in Sources */,
				7DD3DE3F24581464009A99E7 /* PasswordDropPresenter.swift in Sources */,
				7D3C44F4246D789C006E83C0 /* FiltersViewController.swift in Sources */,
				286566EE24683248000071B7 /* BasketViewController.swift in Sources */,
				28B1B938243F97D0002732A5 /* PersonalViewController.swift in Sources */,
				7D45413D245B6D9000A7F4A0 /* CategoryPresenter.swift in Sources */,
				7D0B1981242AD3EE0058593F /* appPhoRent.xcdatamodeld in Sources */,
				282F5DB824782DF4004ACE52 /* OrdersTableViewCell.swift in Sources */,
				285658E4246D776600053F56 /* SplashScreenViewController.swift in Sources */,
				286566E52466BD98000071B7 /* CustomColors.swift in Sources */,
				28B1B93E243F9877002732A5 /* TabBarPresenter.swift in Sources */,
				7D5BAAE82433D056003F3D41 /* ModuleBuilder.swift in Sources */,
				6CD29CF5244F244E00770217 /* MainSearchViewController.swift in Sources */,
				286566E72467201B000071B7 /* BasketItem.swift in Sources */,
				6CCC52CE2450B62100D769A3 /* NetWorkService.swift in Sources */,
				28B1B92A243F9732002732A5 /* Constraints.swift in Sources */,
				7D09ECA1243A18E6004EA0EB /* Router.swift in Sources */,
				7D45413A245B6D6600A7F4A0 /* CategoryViewController.swift in Sources */,
				285658E7246D77CE00053F56 /* SplashScreenPresenter.swift in Sources */,
				286566F524683CED000071B7 /* BasketTableViewCell.swift in Sources */,
				7D5BAAE22433BCC8003F3D41 /* User.swift in Sources */,
				6CD29CF8244F25B300770217 /* Category.swift in Sources */,
				28B1B940243F9881002732A5 /* TabBarController.swift in Sources */,
				7D0B1977242AD3EE0058593F /* AppDelegate.swift in Sources */,
				28B1B92F243F9767002732A5 /* AboutUsViewController.swift in Sources */,
				28B1B92D243F9757002732A5 /* AboutUsPresenter.swift in Sources */,
				7D87C1F72434C9CA0060C670 /* SignUpViewController.swift in Sources */,
				7D0B1979242AD3EE0058593F /* SceneDelegate.swift in Sources */,
				28B1B936243F97C3002732A5 /* PersonalPresenter.swift in Sources */,
				7D09ECAA243A40BE004EA0EB /* IntroViewController.swift in Sources */,
				7D3C44F8246D863B006E83C0 /* ManufacturerTableViewCell.swift in Sources */,
			);
			runOnlyForDeploymentPostprocessing = 0;
		};
/* End PBXSourcesBuildPhase section */

/* Begin PBXVariantGroup section */
		7D0B197C242AD3EE0058593F /* Main.storyboard */ = {
			isa = PBXVariantGroup;
			children = (
				7D0B197D242AD3EE0058593F /* Base */,
			);
			name = Main.storyboard;
			sourceTree = "<group>";
		};
		7D0B1984242AD3F10058593F /* LaunchScreen.storyboard */ = {
			isa = PBXVariantGroup;
			children = (
				7D0B1985242AD3F10058593F /* Base */,
			);
			name = LaunchScreen.storyboard;
			sourceTree = "<group>";
		};
/* End PBXVariantGroup section */

/* Begin XCBuildConfiguration section */
		7D0B1988242AD3F10058593F /* Debug */ = {
			isa = XCBuildConfiguration;
			buildSettings = {
				ALWAYS_SEARCH_USER_PATHS = NO;
				CLANG_ANALYZER_NONNULL = YES;
				CLANG_ANALYZER_NUMBER_OBJECT_CONVERSION = YES_AGGRESSIVE;
				CLANG_CXX_LANGUAGE_STANDARD = "gnu++14";
				CLANG_CXX_LIBRARY = "libc++";
				CLANG_ENABLE_MODULES = YES;
				CLANG_ENABLE_OBJC_ARC = YES;
				CLANG_ENABLE_OBJC_WEAK = YES;
				CLANG_WARN_BLOCK_CAPTURE_AUTORELEASING = YES;
				CLANG_WARN_BOOL_CONVERSION = YES;
				CLANG_WARN_COMMA = YES;
				CLANG_WARN_CONSTANT_CONVERSION = YES;
				CLANG_WARN_DEPRECATED_OBJC_IMPLEMENTATIONS = YES;
				CLANG_WARN_DIRECT_OBJC_ISA_USAGE = YES_ERROR;
				CLANG_WARN_DOCUMENTATION_COMMENTS = YES;
				CLANG_WARN_EMPTY_BODY = YES;
				CLANG_WARN_ENUM_CONVERSION = YES;
				CLANG_WARN_INFINITE_RECURSION = YES;
				CLANG_WARN_INT_CONVERSION = YES;
				CLANG_WARN_NON_LITERAL_NULL_CONVERSION = YES;
				CLANG_WARN_OBJC_IMPLICIT_RETAIN_SELF = YES;
				CLANG_WARN_OBJC_LITERAL_CONVERSION = YES;
				CLANG_WARN_OBJC_ROOT_CLASS = YES_ERROR;
				CLANG_WARN_RANGE_LOOP_ANALYSIS = YES;
				CLANG_WARN_STRICT_PROTOTYPES = YES;
				CLANG_WARN_SUSPICIOUS_MOVE = YES;
				CLANG_WARN_UNGUARDED_AVAILABILITY = YES_AGGRESSIVE;
				CLANG_WARN_UNREACHABLE_CODE = YES;
				CLANG_WARN__DUPLICATE_METHOD_MATCH = YES;
				COPY_PHASE_STRIP = NO;
				DEBUG_INFORMATION_FORMAT = dwarf;
				ENABLE_STRICT_OBJC_MSGSEND = YES;
				ENABLE_TESTABILITY = YES;
				GCC_C_LANGUAGE_STANDARD = gnu11;
				GCC_DYNAMIC_NO_PIC = NO;
				GCC_NO_COMMON_BLOCKS = YES;
				GCC_OPTIMIZATION_LEVEL = 0;
				GCC_PREPROCESSOR_DEFINITIONS = (
					"DEBUG=1",
					"$(inherited)",
				);
				GCC_WARN_64_TO_32_BIT_CONVERSION = YES;
				GCC_WARN_ABOUT_RETURN_TYPE = YES_ERROR;
				GCC_WARN_UNDECLARED_SELECTOR = YES;
				GCC_WARN_UNINITIALIZED_AUTOS = YES_AGGRESSIVE;
				GCC_WARN_UNUSED_FUNCTION = YES;
				GCC_WARN_UNUSED_VARIABLE = YES;
				IPHONEOS_DEPLOYMENT_TARGET = 13.2;
				MTL_ENABLE_DEBUG_INFO = INCLUDE_SOURCE;
				MTL_FAST_MATH = YES;
				ONLY_ACTIVE_ARCH = YES;
				SDKROOT = iphoneos;
				SWIFT_ACTIVE_COMPILATION_CONDITIONS = DEBUG;
				SWIFT_OPTIMIZATION_LEVEL = "-Onone";
			};
			name = Debug;
		};
		7D0B1989242AD3F10058593F /* Release */ = {
			isa = XCBuildConfiguration;
			buildSettings = {
				ALWAYS_SEARCH_USER_PATHS = NO;
				CLANG_ANALYZER_NONNULL = YES;
				CLANG_ANALYZER_NUMBER_OBJECT_CONVERSION = YES_AGGRESSIVE;
				CLANG_CXX_LANGUAGE_STANDARD = "gnu++14";
				CLANG_CXX_LIBRARY = "libc++";
				CLANG_ENABLE_MODULES = YES;
				CLANG_ENABLE_OBJC_ARC = YES;
				CLANG_ENABLE_OBJC_WEAK = YES;
				CLANG_WARN_BLOCK_CAPTURE_AUTORELEASING = YES;
				CLANG_WARN_BOOL_CONVERSION = YES;
				CLANG_WARN_COMMA = YES;
				CLANG_WARN_CONSTANT_CONVERSION = YES;
				CLANG_WARN_DEPRECATED_OBJC_IMPLEMENTATIONS = YES;
				CLANG_WARN_DIRECT_OBJC_ISA_USAGE = YES_ERROR;
				CLANG_WARN_DOCUMENTATION_COMMENTS = YES;
				CLANG_WARN_EMPTY_BODY = YES;
				CLANG_WARN_ENUM_CONVERSION = YES;
				CLANG_WARN_INFINITE_RECURSION = YES;
				CLANG_WARN_INT_CONVERSION = YES;
				CLANG_WARN_NON_LITERAL_NULL_CONVERSION = YES;
				CLANG_WARN_OBJC_IMPLICIT_RETAIN_SELF = YES;
				CLANG_WARN_OBJC_LITERAL_CONVERSION = YES;
				CLANG_WARN_OBJC_ROOT_CLASS = YES_ERROR;
				CLANG_WARN_RANGE_LOOP_ANALYSIS = YES;
				CLANG_WARN_STRICT_PROTOTYPES = YES;
				CLANG_WARN_SUSPICIOUS_MOVE = YES;
				CLANG_WARN_UNGUARDED_AVAILABILITY = YES_AGGRESSIVE;
				CLANG_WARN_UNREACHABLE_CODE = YES;
				CLANG_WARN__DUPLICATE_METHOD_MATCH = YES;
				COPY_PHASE_STRIP = NO;
				DEBUG_INFORMATION_FORMAT = "dwarf-with-dsym";
				ENABLE_NS_ASSERTIONS = NO;
				ENABLE_STRICT_OBJC_MSGSEND = YES;
				GCC_C_LANGUAGE_STANDARD = gnu11;
				GCC_NO_COMMON_BLOCKS = YES;
				GCC_WARN_64_TO_32_BIT_CONVERSION = YES;
				GCC_WARN_ABOUT_RETURN_TYPE = YES_ERROR;
				GCC_WARN_UNDECLARED_SELECTOR = YES;
				GCC_WARN_UNINITIALIZED_AUTOS = YES_AGGRESSIVE;
				GCC_WARN_UNUSED_FUNCTION = YES;
				GCC_WARN_UNUSED_VARIABLE = YES;
				IPHONEOS_DEPLOYMENT_TARGET = 13.2;
				MTL_ENABLE_DEBUG_INFO = NO;
				MTL_FAST_MATH = YES;
				SDKROOT = iphoneos;
				SWIFT_COMPILATION_MODE = wholemodule;
				SWIFT_OPTIMIZATION_LEVEL = "-O";
				VALIDATE_PRODUCT = YES;
			};
			name = Release;
		};
		7D0B198B242AD3F10058593F /* Debug */ = {
			isa = XCBuildConfiguration;
			baseConfigurationReference = 4F641008C30B731C7C0C4DB3 /* Pods-appPhoRent.debug.xcconfig */;
			buildSettings = {
				ASSETCATALOG_COMPILER_APPICON_NAME = AppIcon;
				CODE_SIGN_IDENTITY = "Apple Development";
				CODE_SIGN_STYLE = Automatic;
				DEVELOPMENT_TEAM = 8B9T24ATN5;
				INFOPLIST_FILE = appPhoRent/Info.plist;
				IPHONEOS_DEPLOYMENT_TARGET = 13.2;
				LD_RUNPATH_SEARCH_PATHS = (
					"$(inherited)",
					"@executable_path/Frameworks",
				);
				PRODUCT_BUNDLE_IDENTIFIER = com.PhoRent;
				PRODUCT_NAME = PhoRent;
				PROVISIONING_PROFILE_SPECIFIER = "";
				SWIFT_VERSION = 5.0;
				TARGETED_DEVICE_FAMILY = 1;
			};
			name = Debug;
		};
		7D0B198C242AD3F10058593F /* Release */ = {
			isa = XCBuildConfiguration;
			baseConfigurationReference = 7209B28DAFED4280297EAAEC /* Pods-appPhoRent.release.xcconfig */;
			buildSettings = {
				ASSETCATALOG_COMPILER_APPICON_NAME = AppIcon;
				CODE_SIGN_IDENTITY = "Apple Development";
				CODE_SIGN_STYLE = Automatic;
				DEVELOPMENT_TEAM = 8B9T24ATN5;
				INFOPLIST_FILE = appPhoRent/Info.plist;
				IPHONEOS_DEPLOYMENT_TARGET = 13.2;
				LD_RUNPATH_SEARCH_PATHS = (
					"$(inherited)",
					"@executable_path/Frameworks",
				);
				PRODUCT_BUNDLE_IDENTIFIER = com.PhoRent;
				PRODUCT_NAME = PhoRent;
				PROVISIONING_PROFILE_SPECIFIER = "";
				SWIFT_VERSION = 5.0;
				TARGETED_DEVICE_FAMILY = 1;
			};
			name = Release;
		};
/* End XCBuildConfiguration section */

/* Begin XCConfigurationList section */
		7D0B196E242AD3EE0058593F /* Build configuration list for PBXProject "appPhoRent" */ = {
			isa = XCConfigurationList;
			buildConfigurations = (
				7D0B1988242AD3F10058593F /* Debug */,
				7D0B1989242AD3F10058593F /* Release */,
			);
			defaultConfigurationIsVisible = 0;
			defaultConfigurationName = Release;
		};
		7D0B198A242AD3F10058593F /* Build configuration list for PBXNativeTarget "appPhoRent" */ = {
			isa = XCConfigurationList;
			buildConfigurations = (
				7D0B198B242AD3F10058593F /* Debug */,
				7D0B198C242AD3F10058593F /* Release */,
			);
			defaultConfigurationIsVisible = 0;
			defaultConfigurationName = Release;
		};
/* End XCConfigurationList section */

/* Begin XCVersionGroup section */
		7D0B197F242AD3EE0058593F /* appPhoRent.xcdatamodeld */ = {
			isa = XCVersionGroup;
			children = (
				7D0B1980242AD3EE0058593F /* appPhoRent.xcdatamodel */,
			);
			currentVersion = 7D0B1980242AD3EE0058593F /* appPhoRent.xcdatamodel */;
			path = appPhoRent.xcdatamodeld;
			sourceTree = "<group>";
			versionGroupType = wrapper.xcdatamodel;
		};
/* End XCVersionGroup section */
	};
	rootObject = 7D0B196B242AD3EE0058593F /* Project object */;
}
